{
  "pins" : [
    {
      "identity" : "aperture",
      "kind" : "remoteSourceControl",
      "location" : "https://github.com/wulkano/Aperture",
      "state" : {
        "branch" : "george/rewrite-in-screen-capture-kit",
        "revision" : "301e68ab150d9173c9fdd62d6d1f76ed671ab9dd"
      }
    },
    {
      "identity" : "swift-syntax",
      "kind" : "remoteSourceControl",
      "location" : "https://github.com/apple/swift-syntax.git",
      "state" : {
        "revision" : "0687f71944021d616d34d922343dcef086855920",
        "version" : "600.0.1"
      }
    }
  ],
  "version" : 2
}
